
Microsoft Visual Studio Solution File, Format Version 12.00
# Visual Studio Version 17
VisualStudioVersion = 17.14.36705.20 d17.14
MinimumVisualStudioVersion = 10.0.40219.1
Project("{FAE04EC0-301F-11D3-BF4B-00C04F79EFBC}") = "Psychometrics Exercise", "Psychometrics Exercise.csproj", "{07CCE391-0F90-4B27-870A-197DF00DACB8}"
EndProject
Global
	GlobalSection(SolutionConfigurationPlatforms) = preSolution
		Debug|Any CPU = Debug|Any CPU
		Release|Any CPU = Release|Any CPU
	EndGlobalSection
	GlobalSection(ProjectConfigurationPlatforms) = postSolution
		{07CCE391-0F90-4B27-870A-197DF00DACB8}.Debug|Any CPU.ActiveCfg = Debug|Any CPU
		{07CCE391-0F90-4B27-870A-197DF00DACB8}.Debug|Any CPU.Build.0 = Debug|Any CPU
		{07CCE391-0F90-4B27-870A-197DF00DACB8}.Release|Any CPU.ActiveCfg = Release|Any CPU
		{07CCE391-0F90-4B27-870A-197DF00DACB8}.Release|Any CPU.Build.0 = Release|Any CPU
	EndGlobalSection
	GlobalSection(SolutionProperties) = preSolution
		HideSolutionNode = FALSE
	EndGlobalSection
	GlobalSection(ExtensibilityGlobals) = postSolution
		SolutionGuid = {70B312F7-0B4B-4401-9525-3A2BBA9CD0B9}
	EndGlobalSection
EndGlobal
